// !$*UTF8*$!
{
	archiveVersion = 1;
	classes = {
	};
	objectVersion = 46;
	objects = {

/* Begin PBXBuildFile section */
		E43A66551A5422DF00741600 /* userTableViewController.swift in Sources */ = {isa = PBXBuildFile; fileRef = E43A66541A5422DF00741600 /* userTableViewController.swift */; };
		E43A66611A544BA800741600 /* PostViewController.swift in Sources */ = {isa = PBXBuildFile; fileRef = E43A66601A544BA800741600 /* PostViewController.swift */; };
		E43A66631A544D5400741600 /* placehoder(man).jpg in Resources */ = {isa = PBXBuildFile; fileRef = E43A66621A544D5400741600 /* placehoder(man).jpg */; };
		E4C5BAB91A54552200504D63 /* Parse.framework in Frameworks */ = {isa = PBXBuildFile; fileRef = E4C5BAB81A54552200504D63 /* Parse.framework */; };
		E4F3E4CB1A52741F0020C812 /* AppDelegate.swift in Sources */ = {isa = PBXBuildFile; fileRef = E4F3E4CA1A52741F0020C812 /* AppDelegate.swift */; };
		E4F3E4CD1A52741F0020C812 /* ViewController.swift in Sources */ = {isa = PBXBuildFile; fileRef = E4F3E4CC1A52741F0020C812 /* ViewController.swift */; };
		E4F3E4D01A52741F0020C812 /* Main.storyboard in Resources */ = {isa = PBXBuildFile; fileRef = E4F3E4CE1A52741F0020C812 /* Main.storyboard */; };
		E4F3E4D21A52741F0020C812 /* Images.xcassets in Resources */ = {isa = PBXBuildFile; fileRef = E4F3E4D11A52741F0020C812 /* Images.xcassets */; };
		E4F3E4D51A52741F0020C812 /* LaunchScreen.xib in Resources */ = {isa = PBXBuildFile; fileRef = E4F3E4D31A52741F0020C812 /* LaunchScreen.xib */; };
		E4F3E4E11A52741F0020C812 /* _105_login_and_sign_upTests.swift in Sources */ = {isa = PBXBuildFile; fileRef = E4F3E4E01A52741F0020C812 /* _105_login_and_sign_upTests.swift */; };
		E4F3E4EC1A5274450020C812 /* Bolts.framework in Frameworks */ = {isa = PBXBuildFile; fileRef = E4F3E4EA1A5274450020C812 /* Bolts.framework */; };
		E4F3E4EF1A52749B0020C812 /* AudioToolbox.framework in Frameworks */ = {isa = PBXBuildFile; fileRef = E4F3E4EE1A52749B0020C812 /* AudioToolbox.framework */; };
		E4F3E4F11A5274A20020C812 /* CFNetwork.framework in Frameworks */ = {isa = PBXBuildFile; fileRef = E4F3E4F01A5274A20020C812 /* CFNetwork.framework */; };
		E4F3E4F31A5274A90020C812 /* CoreGraphics.framework in Frameworks */ = {isa = PBXBuildFile; fileRef = E4F3E4F21A5274A90020C812 /* CoreGraphics.framework */; };
		E4F3E4F51A5274AF0020C812 /* CoreLocation.framework in Frameworks */ = {isa = PBXBuildFile; fileRef = E4F3E4F41A5274AF0020C812 /* CoreLocation.framework */; };
		E4F3E4F71A5274B60020C812 /* MobileCoreServices.framework in Frameworks */ = {isa = PBXBuildFile; fileRef = E4F3E4F61A5274B60020C812 /* MobileCoreServices.framework */; };
		E4F3E4F91A5274BC0020C812 /* QuartzCore.framework in Frameworks */ = {isa = PBXBuildFile; fileRef = E4F3E4F81A5274BC0020C812 /* QuartzCore.framework */; };
		E4F3E4FB1A5274C20020C812 /* Security.framework in Frameworks */ = {isa = PBXBuildFile; fileRef = E4F3E4FA1A5274C20020C812 /* Security.framework */; };
		E4F3E4FD1A5274C90020C812 /* StoreKit.framework in Frameworks */ = {isa = PBXBuildFile; fileRef = E4F3E4FC1A5274C90020C812 /* StoreKit.framework */; };
		E4F3E4FF1A5274D00020C812 /* SystemConfiguration.framework in Frameworks */ = {isa = PBXBuildFile; fileRef = E4F3E4FE1A5274D00020C812 /* SystemConfiguration.framework */; };
		E4F3E5011A5274D50020C812 /* libz.dylib in Frameworks */ = {isa = PBXBuildFile; fileRef = E4F3E5001A5274D50020C812 /* libz.dylib */; };
		E4F3E5031A5274E40020C812 /* libsqlite3.dylib in Frameworks */ = {isa = PBXBuildFile; fileRef = E4F3E5021A5274E40020C812 /* libsqlite3.dylib */; };
/* End PBXBuildFile section */

/* Begin PBXContainerItemProxy section */
		E4F3E4DB1A52741F0020C812 /* PBXContainerItemProxy */ = {
			isa = PBXContainerItemProxy;
			containerPortal = E4F3E4BD1A52741F0020C812 /* Project object */;
			proxyType = 1;
			remoteGlobalIDString = E4F3E4C41A52741F0020C812;
			remoteInfo = "(105)login and sign up";
		};
/* End PBXContainerItemProxy section */

/* Begin PBXFileReference section */
		E43A66541A5422DF00741600 /* userTableViewController.swift */ = {isa = PBXFileReference; fileEncoding = 4; lastKnownFileType = sourcecode.swift; name = userTableViewController.swift; path = ../userTableViewController.swift; sourceTree = "<group>"; };
		E43A66601A544BA800741600 /* PostViewController.swift */ = {isa = PBXFileReference; fileEncoding = 4; lastKnownFileType = sourcecode.swift; path = PostViewController.swift; sourceTree = "<group>"; };
		E43A66621A544D5400741600 /* placehoder(man).jpg */ = {isa = PBXFileReference; lastKnownFileType = image.jpeg; path = "placehoder(man).jpg"; sourceTree = "<group>"; };
		E4716BEE1A52859C002873D7 /* (105)login and sign up-Bridging-Header.h */ = {isa = PBXFileReference; fileEncoding = 4; lastKnownFileType = sourcecode.c.h; path = "(105)login and sign up-Bridging-Header.h"; sourceTree = "<group>"; };
		E4C5BAB81A54552200504D63 /* Parse.framework */ = {isa = PBXFileReference; lastKnownFileType = wrapper.framework; path = Parse.framework; sourceTree = "<group>"; };
		E4F3E4C51A52741F0020C812 /* (105)login and sign up.app */ = {isa = PBXFileReference; explicitFileType = wrapper.application; includeInIndex = 0; path = "(105)login and sign up.app"; sourceTree = BUILT_PRODUCTS_DIR; };
		E4F3E4C91A52741F0020C812 /* Info.plist */ = {isa = PBXFileReference; lastKnownFileType = text.plist.xml; path = Info.plist; sourceTree = "<group>"; };
		E4F3E4CA1A52741F0020C812 /* AppDelegate.swift */ = {isa = PBXFileReference; lastKnownFileType = sourcecode.swift; path = AppDelegate.swift; sourceTree = "<group>"; };
		E4F3E4CC1A52741F0020C812 /* ViewController.swift */ = {isa = PBXFileReference; lastKnownFileType = sourcecode.swift; path = ViewController.swift; sourceTree = "<group>"; };
		E4F3E4CF1A52741F0020C812 /* Base */ = {isa = PBXFileReference; lastKnownFileType = file.storyboard; name = Base; path = Base.lproj/Main.storyboard; sourceTree = "<group>"; };
		E4F3E4D11A52741F0020C812 /* Images.xcassets */ = {isa = PBXFileReference; lastKnownFileType = folder.assetcatalog; path = Images.xcassets; sourceTree = "<group>"; };
		E4F3E4D41A52741F0020C812 /* Base */ = {isa = PBXFileReference; lastKnownFileType = file.xib; name = Base; path = Base.lproj/LaunchScreen.xib; sourceTree = "<group>"; };
		E4F3E4DA1A52741F0020C812 /* (105)login and sign upTests.xctest */ = {isa = PBXFileReference; explicitFileType = wrapper.cfbundle; includeInIndex = 0; path = "(105)login and sign upTests.xctest"; sourceTree = BUILT_PRODUCTS_DIR; };
		E4F3E4DF1A52741F0020C812 /* Info.plist */ = {isa = PBXFileReference; lastKnownFileType = text.plist.xml; path = Info.plist; sourceTree = "<group>"; };
		E4F3E4E01A52741F0020C812 /* _105_login_and_sign_upTests.swift */ = {isa = PBXFileReference; lastKnownFileType = sourcecode.swift; path = _105_login_and_sign_upTests.swift; sourceTree = "<group>"; };
		E4F3E4EA1A5274450020C812 /* Bolts.framework */ = {isa = PBXFileReference; lastKnownFileType = wrapper.framework; path = Bolts.framework; sourceTree = "<group>"; };
		E4F3E4EE1A52749B0020C812 /* AudioToolbox.framework */ = {isa = PBXFileReference; lastKnownFileType = wrapper.framework; name = AudioToolbox.framework; path = System/Library/Frameworks/AudioToolbox.framework; sourceTree = SDKROOT; };
		E4F3E4F01A5274A20020C812 /* CFNetwork.framework */ = {isa = PBXFileReference; lastKnownFileType = wrapper.framework; name = CFNetwork.framework; path = System/Library/Frameworks/CFNetwork.framework; sourceTree = SDKROOT; };
		E4F3E4F21A5274A90020C812 /* CoreGraphics.framework */ = {isa = PBXFileReference; lastKnownFileType = wrapper.framework; name = CoreGraphics.framework; path = System/Library/Frameworks/CoreGraphics.framework; sourceTree = SDKROOT; };
		E4F3E4F41A5274AF0020C812 /* CoreLocation.framework */ = {isa = PBXFileReference; lastKnownFileType = wrapper.framework; name = CoreLocation.framework; path = System/Library/Frameworks/CoreLocation.framework; sourceTree = SDKROOT; };
		E4F3E4F61A5274B60020C812 /* MobileCoreServices.framework */ = {isa = PBXFileReference; lastKnownFileType = wrapper.framework; name = MobileCoreServices.framework; path = System/Library/Frameworks/MobileCoreServices.framework; sourceTree = SDKROOT; };
		E4F3E4F81A5274BC0020C812 /* QuartzCore.framework */ = {isa = PBXFileReference; lastKnownFileType = wrapper.framework; name = QuartzCore.framework; path = System/Library/Frameworks/QuartzCore.framework; sourceTree = SDKROOT; };
		E4F3E4FA1A5274C20020C812 /* Security.framework */ = {isa = PBXFileReference; lastKnownFileType = wrapper.framework; name = Security.framework; path = System/Library/Frameworks/Security.framework; sourceTree = SDKROOT; };
		E4F3E4FC1A5274C90020C812 /* StoreKit.framework */ = {isa = PBXFileReference; lastKnownFileType = wrapper.framework; name = StoreKit.framework; path = System/Library/Frameworks/StoreKit.framework; sourceTree = SDKROOT; };
		E4F3E4FE1A5274D00020C812 /* SystemConfiguration.framework */ = {isa = PBXFileReference; lastKnownFileType = wrapper.framework; name = SystemConfiguration.framework; path = System/Library/Frameworks/SystemConfiguration.framework; sourceTree = SDKROOT; };
		E4F3E5001A5274D50020C812 /* libz.dylib */ = {isa = PBXFileReference; lastKnownFileType = "compiled.mach-o.dylib"; name = libz.dylib; path = usr/lib/libz.dylib; sourceTree = SDKROOT; };
		E4F3E5021A5274E40020C812 /* libsqlite3.dylib */ = {isa = PBXFileReference; lastKnownFileType = "compiled.mach-o.dylib"; name = libsqlite3.dylib; path = usr/lib/libsqlite3.dylib; sourceTree = SDKROOT; };
/* End PBXFileReference section */

/* Begin PBXFrameworksBuildPhase section */
		E4F3E4C21A52741F0020C812 /* Frameworks */ = {
			isa = PBXFrameworksBuildPhase;
			buildActionMask = 2147483647;
			files = (
				E4F3E5031A5274E40020C812 /* libsqlite3.dylib in Frameworks */,
				E4F3E5011A5274D50020C812 /* libz.dylib in Frameworks */,
				E4F3E4FF1A5274D00020C812 /* SystemConfiguration.framework in Frameworks */,
				E4F3E4FD1A5274C90020C812 /* StoreKit.framework in Frameworks */,
				E4F3E4FB1A5274C20020C812 /* Security.framework in Frameworks */,
				E4F3E4F91A5274BC0020C812 /* QuartzCore.framework in Frameworks */,
				E4C5BAB91A54552200504D63 /* Parse.framework in Frameworks */,
				E4F3E4F71A5274B60020C812 /* MobileCoreServices.framework in Frameworks */,
				E4F3E4F51A5274AF0020C812 /* CoreLocation.framework in Frameworks */,
				E4F3E4F31A5274A90020C812 /* CoreGraphics.framework in Frameworks */,
				E4F3E4F11A5274A20020C812 /* CFNetwork.framework in Frameworks */,
				E4F3E4EF1A52749B0020C812 /* AudioToolbox.framework in Frameworks */,
				E4F3E4EC1A5274450020C812 /* Bolts.framework in Frameworks */,
			);
			runOnlyForDeploymentPostprocessing = 0;
		};
		E4F3E4D71A52741F0020C812 /* Frameworks */ = {
			isa = PBXFrameworksBuildPhase;
			buildActionMask = 2147483647;
			files = (
			);
			runOnlyForDeploymentPostprocessing = 0;
		};
/* End PBXFrameworksBuildPhase section */

/* Begin PBXGroup section */
		E4F3E4BC1A52741F0020C812 = {
			isa = PBXGroup;
			children = (
				E4F3E5021A5274E40020C812 /* libsqlite3.dylib */,
				E4F3E5001A5274D50020C812 /* libz.dylib */,
				E4F3E4FE1A5274D00020C812 /* SystemConfiguration.framework */,
				E4F3E4FC1A5274C90020C812 /* StoreKit.framework */,
				E4F3E4FA1A5274C20020C812 /* Security.framework */,
				E4F3E4F81A5274BC0020C812 /* QuartzCore.framework */,
				E4F3E4F61A5274B60020C812 /* MobileCoreServices.framework */,
				E4F3E4F41A5274AF0020C812 /* CoreLocation.framework */,
				E4F3E4F21A5274A90020C812 /* CoreGraphics.framework */,
				E4F3E4F01A5274A20020C812 /* CFNetwork.framework */,
				E4F3E4EE1A52749B0020C812 /* AudioToolbox.framework */,
				E4F3E4C71A52741F0020C812 /* (105)login and sign up */,
				E4F3E4DD1A52741F0020C812 /* (105)login and sign upTests */,
				E4F3E4C61A52741F0020C812 /* Products */,
			);
			sourceTree = "<group>";
		};
		E4F3E4C61A52741F0020C812 /* Products */ = {
			isa = PBXGroup;
			children = (
				E4F3E4C51A52741F0020C812 /* (105)login and sign up.app */,
				E4F3E4DA1A52741F0020C812 /* (105)login and sign upTests.xctest */,
			);
			name = Products;
			sourceTree = "<group>";
		};
		E4F3E4C71A52741F0020C812 /* (105)login and sign up */ = {
			isa = PBXGroup;
			children = (
				E4C5BAB81A54552200504D63 /* Parse.framework */,
				E4F3E4EA1A5274450020C812 /* Bolts.framework */,
				E43A66621A544D5400741600 /* placehoder(man).jpg */,
				E43A66541A5422DF00741600 /* userTableViewController.swift */,
				E43A66601A544BA800741600 /* PostViewController.swift */,
				E4716BEE1A52859C002873D7 /* (105)login and sign up-Bridging-Header.h */,
				E4F3E4CA1A52741F0020C812 /* AppDelegate.swift */,
				E4F3E4CC1A52741F0020C812 /* ViewController.swift */,
				E4F3E4CE1A52741F0020C812 /* Main.storyboard */,
				E4F3E4D11A52741F0020C812 /* Images.xcassets */,
				E4F3E4D31A52741F0020C812 /* LaunchScreen.xib */,
				E4F3E4C81A52741F0020C812 /* Supporting Files */,
			);
			path = "(105)login and sign up";
			sourceTree = "<group>";
		};
		E4F3E4C81A52741F0020C812 /* Supporting Files */ = {
			isa = PBXGroup;
			children = (
				E4F3E4C91A52741F0020C812 /* Info.plist */,
			);
			name = "Supporting Files";
			sourceTree = "<group>";
		};
		E4F3E4DD1A52741F0020C812 /* (105)login and sign upTests */ = {
			isa = PBXGroup;
			children = (
				E4F3E4E01A52741F0020C812 /* _105_login_and_sign_upTests.swift */,
				E4F3E4DE1A52741F0020C812 /* Supporting Files */,
			);
			path = "(105)login and sign upTests";
			sourceTree = "<group>";
		};
		E4F3E4DE1A52741F0020C812 /* Supporting Files */ = {
			isa = PBXGroup;
			children = (
				E4F3E4DF1A52741F0020C812 /* Info.plist */,
			);
			name = "Supporting Files";
			sourceTree = "<group>";
		};
/* End PBXGroup section */

/* Begin PBXNativeTarget section */
		E4F3E4C41A52741F0020C812 /* (105)login and sign up */ = {
			isa = PBXNativeTarget;
			buildConfigurationList = E4F3E4E41A52741F0020C812 /* Build configuration list for PBXNativeTarget "(105)login and sign up" */;
			buildPhases = (
				E4F3E4C11A52741F0020C812 /* Sources */,
				E4F3E4C21A52741F0020C812 /* Frameworks */,
				E4F3E4C31A52741F0020C812 /* Resources */,
			);
			buildRules = (
			);
			dependencies = (
			);
			name = "(105)login and sign up";
			productName = "(105)login and sign up";
			productReference = E4F3E4C51A52741F0020C812 /* (105)login and sign up.app */;
			productType = "com.apple.product-type.application";
		};
		E4F3E4D91A52741F0020C812 /* (105)login and sign upTests */ = {
			isa = PBXNativeTarget;
			buildConfigurationList = E4F3E4E71A52741F0020C812 /* Build configuration list for PBXNativeTarget "(105)login and sign upTests" */;
			buildPhases = (
				E4F3E4D61A52741F0020C812 /* Sources */,
				E4F3E4D71A52741F0020C812 /* Frameworks */,
				E4F3E4D81A52741F0020C812 /* Resources */,
			);
			buildRules = (
			);
			dependencies = (
				E4F3E4DC1A52741F0020C812 /* PBXTargetDependency */,
			);
			name = "(105)login and sign upTests";
			productName = "(105)login and sign upTests";
			productReference = E4F3E4DA1A52741F0020C812 /* (105)login and sign upTests.xctest */;
			productType = "com.apple.product-type.bundle.unit-test";
		};
/* End PBXNativeTarget section */

/* Begin PBXProject section */
		E4F3E4BD1A52741F0020C812 /* Project object */ = {
			isa = PBXProject;
			attributes = {
				LastUpgradeCheck = 0610;
				ORGANIZATIONNAME = yuanzichao;
				TargetAttributes = {
					E4F3E4C41A52741F0020C812 = {
						CreatedOnToolsVersion = 6.1.1;
					};
					E4F3E4D91A52741F0020C812 = {
						CreatedOnToolsVersion = 6.1.1;
						TestTargetID = E4F3E4C41A52741F0020C812;
					};
				};
			};
			buildConfigurationList = E4F3E4C01A52741F0020C812 /* Build configuration list for PBXProject "(105)login and sign up" */;
			compatibilityVersion = "Xcode 3.2";
			developmentRegion = English;
			hasScannedForEncodings = 0;
			knownRegions = (
				en,
				Base,
			);
			mainGroup = E4F3E4BC1A52741F0020C812;
			productRefGroup = E4F3E4C61A52741F0020C812 /* Products */;
			projectDirPath = "";
			projectRoot = "";
			targets = (
				E4F3E4C41A52741F0020C812 /* (105)login and sign up */,
				E4F3E4D91A52741F0020C812 /* (105)login and sign upTests */,
			);
		};
/* End PBXProject section */

/* Begin PBXResourcesBuildPhase section */
		E4F3E4C31A52741F0020C812 /* Resources */ = {
			isa = PBXResourcesBuildPhase;
			buildActionMask = 2147483647;
			files = (
				E4F3E4D01A52741F0020C812 /* Main.storyboard in Resources */,
				E4F3E4D51A52741F0020C812 /* LaunchScreen.xib in Resources */,
				E43A66631A544D5400741600 /* placehoder(man).jpg in Resources */,
				E4F3E4D21A52741F0020C812 /* Images.xcassets in Resources */,
			);
			runOnlyForDeploymentPostprocessing = 0;
		};
		E4F3E4D81A52741F0020C812 /* Resources */ = {
			isa = PBXResourcesBuildPhase;
			buildActionMask = 2147483647;
			files = (
			);
			runOnlyForDeploymentPostprocessing = 0;
		};
/* End PBXResourcesBuildPhase section */

/* Begin PBXSourcesBuildPhase section */
		E4F3E4C11A52741F0020C812 /* Sources */ = {
			isa = PBXSourcesBuildPhase;
			buildActionMask = 2147483647;
			files = (
				E43A66611A544BA800741600 /* PostViewController.swift in Sources */,
				E4F3E4CD1A52741F0020C812 /* ViewController.swift in Sources */,
				E43A66551A5422DF00741600 /* userTableViewController.swift in Sources */,
				E4F3E4CB1A52741F0020C812 /* AppDelegate.swift in Sources */,
			);
			runOnlyForDeploymentPostprocessing = 0;
		};
		E4F3E4D61A52741F0020C812 /* Sources */ = {
			isa = PBXSourcesBuildPhase;
			buildActionMask = 2147483647;
			files = (
				E4F3E4E11A52741F0020C812 /* _105_login_and_sign_upTests.swift in Sources */,
			);
			runOnlyForDeploymentPostprocessing = 0;
		};
/* End PBXSourcesBuildPhase section */

/* Begin PBXTargetDependency section */
		E4F3E4DC1A52741F0020C812 /* PBXTargetDependency */ = {
			isa = PBXTargetDependency;
			target = E4F3E4C41A52741F0020C812 /* (105)login and sign up */;
			targetProxy = E4F3E4DB1A52741F0020C812 /* PBXContainerItemProxy */;
		};
/* End PBXTargetDependency section */

/* Begin PBXVariantGroup section */
		E4F3E4CE1A52741F0020C812 /* Main.storyboard */ = {
			isa = PBXVariantGroup;
			children = (
				E4F3E4CF1A52741F0020C812 /* Base */,
			);
			name = Main.storyboard;
			sourceTree = "<group>";
		};
		E4F3E4D31A52741F0020C812 /* LaunchScreen.xib */ = {
			isa = PBXVariantGroup;
			children = (
				E4F3E4D41A52741F0020C812 /* Base */,
			);
			name = LaunchScreen.xib;
			sourceTree = "<group>";
		};
/* End PBXVariantGroup section */

/* Begin XCBuildConfiguration section */
		E4F3E4E21A52741F0020C812 /* Debug */ = {
			isa = XCBuildConfiguration;
			buildSettings = {
				ALWAYS_SEARCH_USER_PATHS = NO;
				CLANG_CXX_LANGUAGE_STANDARD = "gnu++0x";
				CLANG_CXX_LIBRARY = "libc++";
				CLANG_ENABLE_MODULES = YES;
				CLANG_ENABLE_OBJC_ARC = YES;
				CLANG_WARN_BOOL_CONVERSION = YES;
				CLANG_WARN_CONSTANT_CONVERSION = YES;
				CLANG_WARN_DIRECT_OBJC_ISA_USAGE = YES_ERROR;
				CLANG_WARN_EMPTY_BODY = YES;
				CLANG_WARN_ENUM_CONVERSION = YES;
				CLANG_WARN_INT_CONVERSION = YES;
				CLANG_WARN_OBJC_ROOT_CLASS = YES_ERROR;
				CLANG_WARN_UNREACHABLE_CODE = YES;
				CLANG_WARN__DUPLICATE_METHOD_MATCH = YES;
				"CODE_SIGN_IDENTITY[sdk=iphoneos*]" = "iPhone Developer";
				COPY_PHASE_STRIP = NO;
				ENABLE_STRICT_OBJC_MSGSEND = YES;
				GCC_C_LANGUAGE_STANDARD = gnu99;
				GCC_DYNAMIC_NO_PIC = NO;
				GCC_OPTIMIZATION_LEVEL = 0;
				GCC_PREPROCESSOR_DEFINITIONS = (
					"DEBUG=1",
					"$(inherited)",
				);
				GCC_SYMBOLS_PRIVATE_EXTERN = NO;
				GCC_WARN_64_TO_32_BIT_CONVERSION = YES;
				GCC_WARN_ABOUT_RETURN_TYPE = YES_ERROR;
				GCC_WARN_UNDECLARED_SELECTOR = YES;
				GCC_WARN_UNINITIALIZED_AUTOS = YES_AGGRESSIVE;
				GCC_WARN_UNUSED_FUNCTION = YES;
				GCC_WARN_UNUSED_VARIABLE = YES;
				IPHONEOS_DEPLOYMENT_TARGET = 8.1;
				MTL_ENABLE_DEBUG_INFO = YES;
				ONLY_ACTIVE_ARCH = YES;
				SDKROOT = iphoneos;
				SWIFT_OPTIMIZATION_LEVEL = "-Onone";
			};
			name = Debug;
		};
		E4F3E4E31A52741F0020C812 /* Release */ = {
			isa = XCBuildConfiguration;
			buildSettings = {
				ALWAYS_SEARCH_USER_PATHS = NO;
				CLANG_CXX_LANGUAGE_STANDARD = "gnu++0x";
				CLANG_CXX_LIBRARY = "libc++";
				CLANG_ENABLE_MODULES = YES;
				CLANG_ENABLE_OBJC_ARC = YES;
				CLANG_WARN_BOOL_CONVERSION = YES;
				CLANG_WARN_CONSTANT_CONVERSION = YES;
				CLANG_WARN_DIRECT_OBJC_ISA_USAGE = YES_ERROR;
				CLANG_WARN_EMPTY_BODY = YES;
				CLANG_WARN_ENUM_CONVERSION = YES;
				CLANG_WARN_INT_CONVERSION = YES;
				CLANG_WARN_OBJC_ROOT_CLASS = YES_ERROR;
				CLANG_WARN_UNREACHABLE_CODE = YES;
				CLANG_WARN__DUPLICATE_METHOD_MATCH = YES;
				"CODE_SIGN_IDENTITY[sdk=iphoneos*]" = "iPhone Developer";
				COPY_PHASE_STRIP = YES;
				ENABLE_NS_ASSERTIONS = NO;
				ENABLE_STRICT_OBJC_MSGSEND = YES;
				GCC_C_LANGUAGE_STANDARD = gnu99;
				GCC_WARN_64_TO_32_BIT_CONVERSION = YES;
				GCC_WARN_ABOUT_RETURN_TYPE = YES_ERROR;
				GCC_WARN_UNDECLARED_SELECTOR = YES;
				GCC_WARN_UNINITIALIZED_AUTOS = YES_AGGRESSIVE;
				GCC_WARN_UNUSED_FUNCTION = YES;
				GCC_WARN_UNUSED_VARIABLE = YES;
				IPHONEOS_DEPLOYMENT_TARGET = 8.1;
				MTL_ENABLE_DEBUG_INFO = NO;
				SDKROOT = iphoneos;
				VALIDATE_PRODUCT = YES;
			};
			name = Release;
		};
		E4F3E4E51A52741F0020C812 /* Debug */ = {
			isa = XCBuildConfiguration;
			buildSettings = {
				ASSETCATALOG_COMPILER_APPICON_NAME = AppIcon;
				CLANG_ENABLE_MODULES = YES;
				FRAMEWORK_SEARCH_PATHS = (
					"$(inherited)",
					"$(PROJECT_DIR)/(105)login",
					and,
					sign,
					up,
					"$(PROJECT_DIR)/(105)login",
					and,
					sign,
					up,
					"$(PROJECT_DIR)/(105)login",
					and,
					sign,
					up,
					"$(PROJECT_DIR)/(105)login",
					and,
					sign,
					up,
					"$(PROJECT_DIR)/(105)login",
					and,
					sign,
					up,
					/Users/yuanzichao/Documents/study/college/study,
					swift/xcode,
					files,
					"udemy/parse-library-1.6.1",
					"$(PROJECT_DIR)/(105)login",
					and,
					sign,
					up,
					"$(PROJECT_DIR)/(105)login",
					and,
					sign,
					up,
				);
				INFOPLIST_FILE = "(105)login and sign up/Info.plist";
				LD_RUNPATH_SEARCH_PATHS = "$(inherited) @executable_path/Frameworks";
				PRODUCT_NAME = "$(TARGET_NAME)";
				SWIFT_OBJC_BRIDGING_HEADER = "(105)login and sign up/(105)login and sign up-Bridging-Header.h";
				SWIFT_OPTIMIZATION_LEVEL = "-Onone";
			};
			name = Debug;
		};
		E4F3E4E61A52741F0020C812 /* Release */ = {
			isa = XCBuildConfiguration;
			buildSettings = {
				ASSETCATALOG_COMPILER_APPICON_NAME = AppIcon;
				CLANG_ENABLE_MODULES = YES;
				FRAMEWORK_SEARCH_PATHS = (
					"$(inherited)",
					"$(PROJECT_DIR)/(105)login",
					and,
					sign,
					up,
					"$(PROJECT_DIR)/(105)login",
					and,
					sign,
					up,
					"$(PROJECT_DIR)/(105)login",
					and,
					sign,
					up,
					"$(PROJECT_DIR)/(105)login",
					and,
					sign,
					up,
					"$(PROJECT_DIR)/(105)login",
					and,
					sign,
					up,
					/Users/yuanzichao/Documents/study/college/study,
					swift/xcode,
					files,
					"udemy/parse-library-1.6.1",
					"$(PROJECT_DIR)/(105)login",
					and,
					sign,
					up,
					"$(PROJECT_DIR)/(105)login",
					and,
					sign,
					up,
				);
				INFOPLIST_FILE = "(105)login and sign up/Info.plist";
				LD_RUNPATH_SEARCH_PATHS = "$(inherited) @executable_path/Frameworks";
				PRODUCT_NAME = "$(TARGET_NAME)";
				SWIFT_OBJC_BRIDGING_HEADER = "(105)login and sign up/(105)login and sign up-Bridging-Header.h";
			};
			name = Release;
		};
		E4F3E4E81A52741F0020C812 /* Debug */ = {
			isa = XCBuildConfiguration;
			buildSettings = {
				BUNDLE_LOADER = "$(TEST_HOST)";
				FRAMEWORK_SEARCH_PATHS = (
					"$(SDKROOT)/Developer/Library/Frameworks",
					"$(inherited)",
				);
				GCC_PREPROCESSOR_DEFINITIONS = (
					"DEBUG=1",
					"$(inherited)",
				);
				INFOPLIST_FILE = "(105)login and sign upTests/Info.plist";
				LD_RUNPATH_SEARCH_PATHS = "$(inherited) @executable_path/Frameworks @loader_path/Frameworks";
				PRODUCT_NAME = "$(TARGET_NAME)";
				TEST_HOST = "$(BUILT_PRODUCTS_DIR)/(105)login and sign up.app/(105)login and sign up";
			};
			name = Debug;
		};
		E4F3E4E91A52741F0020C812 /* Release */ = {
			isa = XCBuildConfiguration;
			buildSettings = {
				BUNDLE_LOADER = "$(TEST_HOST)";
				FRAMEWORK_SEARCH_PATHS = (
					"$(SDKROOT)/Developer/Library/Frameworks",
					"$(inherited)",
				);
				INFOPLIST_FILE = "(105)login and sign upTests/Info.plist";
				LD_RUNPATH_SEARCH_PATHS = "$(inherited) @executable_path/Frameworks @loader_path/Frameworks";
				PRODUCT_NAME = "$(TARGET_NAME)";
				TEST_HOST = "$(BUILT_PRODUCTS_DIR)/(105)login and sign up.app/(105)login and sign up";
			};
			name = Release;
		};
/* End XCBuildConfiguration section */

/* Begin XCConfigurationList section */
		E4F3E4C01A52741F0020C812 /* Build configuration list for PBXProject "(105)login and sign up" */ = {
			isa = XCConfigurationList;
			buildConfigurations = (
				E4F3E4E21A52741F0020C812 /* Debug */,
				E4F3E4E31A52741F0020C812 /* Release */,
			);
			defaultConfigurationIsVisible = 0;
			defaultConfigurationName = Release;
		};
		E4F3E4E41A52741F0020C812 /* Build configuration list for PBXNativeTarget "(105)login and sign up" */ = {
			isa = XCConfigurationList;
			buildConfigurations = (
				E4F3E4E51A52741F0020C812 /* Debug */,
				E4F3E4E61A52741F0020C812 /* Release */,
			);
			defaultConfigurationIsVisible = 0;
			defaultConfigurationName = Release;
		};
		E4F3E4E71A52741F0020C812 /* Build configuration list for PBXNativeTarget "(105)login and sign upTests" */ = {
			isa = XCConfigurationList;
			buildConfigurations = (
				E4F3E4E81A52741F0020C812 /* Debug */,
				E4F3E4E91A52741F0020C812 /* Release */,
			);
			defaultConfigurationIsVisible = 0;
			defaultConfigurationName = Release;
		};
/* End XCConfigurationList section */
	};
	rootObject = E4F3E4BD1A52741F0020C812 /* Project object */;
}
