// !$*UTF8*$!
{
	archiveVersion = 1;
	classes = {
	};
	objectVersion = 46;
	objects = {

/* Begin PBXBuildFile section */
		E4FA0C441A4A48F100E67381 /* AppDelegate.swift in Sources */ = {isa = PBXBuildFile; fileRef = E4FA0C431A4A48F100E67381 /* AppDelegate.swift */; };
		E4FA0C461A4A48F100E67381 /* ViewController.swift in Sources */ = {isa = PBXBuildFile; fileRef = E4FA0C451A4A48F100E67381 /* ViewController.swift */; };
		E4FA0C491A4A48F100E67381 /* Main.storyboard in Resources */ = {isa = PBXBuildFile; fileRef = E4FA0C471A4A48F100E67381 /* Main.storyboard */; };
		E4FA0C4B1A4A48F100E67381 /* Images.xcassets in Resources */ = {isa = PBXBuildFile; fileRef = E4FA0C4A1A4A48F100E67381 /* Images.xcassets */; };
		E4FA0C4E1A4A48F100E67381 /* LaunchScreen.xib in Resources */ = {isa = PBXBuildFile; fileRef = E4FA0C4C1A4A48F100E67381 /* LaunchScreen.xib */; };
		E4FA0C5A1A4A48F100E67381 /* learnMapsTests.swift in Sources */ = {isa = PBXBuildFile; fileRef = E4FA0C591A4A48F100E67381 /* learnMapsTests.swift */; };
		E4FA0C641A4A491200E67381 /* MapKit.framework in Frameworks */ = {isa = PBXBuildFile; fileRef = E4FA0C631A4A491200E67381 /* MapKit.framework */; };
		E4FA0C661A4A8BE400E67381 /* CoreLocation.framework in Frameworks */ = {isa = PBXBuildFile; fileRef = E4FA0C651A4A8BE400E67381 /* CoreLocation.framework */; };
/* End PBXBuildFile section */

/* Begin PBXContainerItemProxy section */
		E4FA0C541A4A48F100E67381 /* PBXContainerItemProxy */ = {
			isa = PBXContainerItemProxy;
			containerPortal = E4FA0C361A4A48F100E67381 /* Project object */;
			proxyType = 1;
			remoteGlobalIDString = E4FA0C3D1A4A48F100E67381;
			remoteInfo = learnMaps;
		};
/* End PBXContainerItemProxy section */

/* Begin PBXFileReference section */
		E4FA0C3E1A4A48F100E67381 /* learnMaps.app */ = {isa = PBXFileReference; explicitFileType = wrapper.application; includeInIndex = 0; path = learnMaps.app; sourceTree = BUILT_PRODUCTS_DIR; };
		E4FA0C421A4A48F100E67381 /* Info.plist */ = {isa = PBXFileReference; lastKnownFileType = text.plist.xml; path = Info.plist; sourceTree = "<group>"; };
		E4FA0C431A4A48F100E67381 /* AppDelegate.swift */ = {isa = PBXFileReference; lastKnownFileType = sourcecode.swift; path = AppDelegate.swift; sourceTree = "<group>"; };
		E4FA0C451A4A48F100E67381 /* ViewController.swift */ = {isa = PBXFileReference; lastKnownFileType = sourcecode.swift; path = ViewController.swift; sourceTree = "<group>"; };
		E4FA0C481A4A48F100E67381 /* Base */ = {isa = PBXFileReference; lastKnownFileType = file.storyboard; name = Base; path = Base.lproj/Main.storyboard; sourceTree = "<group>"; };
		E4FA0C4A1A4A48F100E67381 /* Images.xcassets */ = {isa = PBXFileReference; lastKnownFileType = folder.assetcatalog; path = Images.xcassets; sourceTree = "<group>"; };
		E4FA0C4D1A4A48F100E67381 /* Base */ = {isa = PBXFileReference; lastKnownFileType = file.xib; name = Base; path = Base.lproj/LaunchScreen.xib; sourceTree = "<group>"; };
		E4FA0C531A4A48F100E67381 /* learnMapsTests.xctest */ = {isa = PBXFileReference; explicitFileType = wrapper.cfbundle; includeInIndex = 0; path = learnMapsTests.xctest; sourceTree = BUILT_PRODUCTS_DIR; };
		E4FA0C581A4A48F100E67381 /* Info.plist */ = {isa = PBXFileReference; lastKnownFileType = text.plist.xml; path = Info.plist; sourceTree = "<group>"; };
		E4FA0C591A4A48F100E67381 /* learnMapsTests.swift */ = {isa = PBXFileReference; lastKnownFileType = sourcecode.swift; path = learnMapsTests.swift; sourceTree = "<group>"; };
		E4FA0C631A4A491200E67381 /* MapKit.framework */ = {isa = PBXFileReference; lastKnownFileType = wrapper.framework; name = MapKit.framework; path = System/Library/Frameworks/MapKit.framework; sourceTree = SDKROOT; };
		E4FA0C651A4A8BE400E67381 /* CoreLocation.framework */ = {isa = PBXFileReference; lastKnownFileType = wrapper.framework; name = CoreLocation.framework; path = System/Library/Frameworks/CoreLocation.framework; sourceTree = SDKROOT; };
/* End PBXFileReference section */

/* Begin PBXFrameworksBuildPhase section */
		E4FA0C3B1A4A48F100E67381 /* Frameworks */ = {
			isa = PBXFrameworksBuildPhase;
			buildActionMask = 2147483647;
			files = (
				E4FA0C661A4A8BE400E67381 /* CoreLocation.framework in Frameworks */,
				E4FA0C641A4A491200E67381 /* MapKit.framework in Frameworks */,
			);
			runOnlyForDeploymentPostprocessing = 0;
		};
		E4FA0C501A4A48F100E67381 /* Frameworks */ = {
			isa = PBXFrameworksBuildPhase;
			buildActionMask = 2147483647;
			files = (
			);
			runOnlyForDeploymentPostprocessing = 0;
		};
/* End PBXFrameworksBuildPhase section */

/* Begin PBXGroup section */
		E4FA0C351A4A48F100E67381 = {
			isa = PBXGroup;
			children = (
				E4FA0C651A4A8BE400E67381 /* CoreLocation.framework */,
				E4FA0C631A4A491200E67381 /* MapKit.framework */,
				E4FA0C401A4A48F100E67381 /* learnMaps */,
				E4FA0C561A4A48F100E67381 /* learnMapsTests */,
				E4FA0C3F1A4A48F100E67381 /* Products */,
			);
			sourceTree = "<group>";
		};
		E4FA0C3F1A4A48F100E67381 /* Products */ = {
			isa = PBXGroup;
			children = (
				E4FA0C3E1A4A48F100E67381 /* learnMaps.app */,
				E4FA0C531A4A48F100E67381 /* learnMapsTests.xctest */,
			);
			name = Products;
			sourceTree = "<group>";
		};
		E4FA0C401A4A48F100E67381 /* learnMaps */ = {
			isa = PBXGroup;
			children = (
				E4FA0C431A4A48F100E67381 /* AppDelegate.swift */,
				E4FA0C451A4A48F100E67381 /* ViewController.swift */,
				E4FA0C471A4A48F100E67381 /* Main.storyboard */,
				E4FA0C4A1A4A48F100E67381 /* Images.xcassets */,
				E4FA0C4C1A4A48F100E67381 /* LaunchScreen.xib */,
				E4FA0C411A4A48F100E67381 /* Supporting Files */,
			);
			path = learnMaps;
			sourceTree = "<group>";
		};
		E4FA0C411A4A48F100E67381 /* Supporting Files */ = {
			isa = PBXGroup;
			children = (
				E4FA0C421A4A48F100E67381 /* Info.plist */,
			);
			name = "Supporting Files";
			sourceTree = "<group>";
		};
		E4FA0C561A4A48F100E67381 /* learnMapsTests */ = {
			isa = PBXGroup;
			children = (
				E4FA0C591A4A48F100E67381 /* learnMapsTests.swift */,
				E4FA0C571A4A48F100E67381 /* Supporting Files */,
			);
			path = learnMapsTests;
			sourceTree = "<group>";
		};
		E4FA0C571A4A48F100E67381 /* Supporting Files */ = {
			isa = PBXGroup;
			children = (
				E4FA0C581A4A48F100E67381 /* Info.plist */,
			);
			name = "Supporting Files";
			sourceTree = "<group>";
		};
/* End PBXGroup section */

/* Begin PBXNativeTarget section */
		E4FA0C3D1A4A48F100E67381 /* learnMaps */ = {
			isa = PBXNativeTarget;
			buildConfigurationList = E4FA0C5D1A4A48F100E67381 /* Build configuration list for PBXNativeTarget "learnMaps" */;
			buildPhases = (
				E4FA0C3A1A4A48F100E67381 /* Sources */,
				E4FA0C3B1A4A48F100E67381 /* Frameworks */,
				E4FA0C3C1A4A48F100E67381 /* Resources */,
			);
			buildRules = (
			);
			dependencies = (
			);
			name = learnMaps;
			productName = learnMaps;
			productReference = E4FA0C3E1A4A48F100E67381 /* learnMaps.app */;
			productType = "com.apple.product-type.application";
		};
		E4FA0C521A4A48F100E67381 /* learnMapsTests */ = {
			isa = PBXNativeTarget;
			buildConfigurationList = E4FA0C601A4A48F100E67381 /* Build configuration list for PBXNativeTarget "learnMapsTests" */;
			buildPhases = (
				E4FA0C4F1A4A48F100E67381 /* Sources */,
				E4FA0C501A4A48F100E67381 /* Frameworks */,
				E4FA0C511A4A48F100E67381 /* Resources */,
			);
			buildRules = (
			);
			dependencies = (
				E4FA0C551A4A48F100E67381 /* PBXTargetDependency */,
			);
			name = learnMapsTests;
			productName = learnMapsTests;
			productReference = E4FA0C531A4A48F100E67381 /* learnMapsTests.xctest */;
			productType = "com.apple.product-type.bundle.unit-test";
		};
/* End PBXNativeTarget section */

/* Begin PBXProject section */
		E4FA0C361A4A48F100E67381 /* Project object */ = {
			isa = PBXProject;
			attributes = {
				LastUpgradeCheck = 0610;
				ORGANIZATIONNAME = yuanzichao;
				TargetAttributes = {
					E4FA0C3D1A4A48F100E67381 = {
						CreatedOnToolsVersion = 6.1.1;
					};
					E4FA0C521A4A48F100E67381 = {
						CreatedOnToolsVersion = 6.1.1;
						TestTargetID = E4FA0C3D1A4A48F100E67381;
					};
				};
			};
			buildConfigurationList = E4FA0C391A4A48F100E67381 /* Build configuration list for PBXProject "learnMaps" */;
			compatibilityVersion = "Xcode 3.2";
			developmentRegion = English;
			hasScannedForEncodings = 0;
			knownRegions = (
				en,
				Base,
			);
			mainGroup = E4FA0C351A4A48F100E67381;
			productRefGroup = E4FA0C3F1A4A48F100E67381 /* Products */;
			projectDirPath = "";
			projectRoot = "";
			targets = (
				E4FA0C3D1A4A48F100E67381 /* learnMaps */,
				E4FA0C521A4A48F100E67381 /* learnMapsTests */,
			);
		};
/* End PBXProject section */

/* Begin PBXResourcesBuildPhase section */
		E4FA0C3C1A4A48F100E67381 /* Resources */ = {
			isa = PBXResourcesBuildPhase;
			buildActionMask = 2147483647;
			files = (
				E4FA0C491A4A48F100E67381 /* Main.storyboard in Resources */,
				E4FA0C4E1A4A48F100E67381 /* LaunchScreen.xib in Resources */,
				E4FA0C4B1A4A48F100E67381 /* Images.xcassets in Resources */,
			);
			runOnlyForDeploymentPostprocessing = 0;
		};
		E4FA0C511A4A48F100E67381 /* Resources */ = {
			isa = PBXResourcesBuildPhase;
			buildActionMask = 2147483647;
			files = (
			);
			runOnlyForDeploymentPostprocessing = 0;
		};
/* End PBXResourcesBuildPhase section */

/* Begin PBXSourcesBuildPhase section */
		E4FA0C3A1A4A48F100E67381 /* Sources */ = {
			isa = PBXSourcesBuildPhase;
			buildActionMask = 2147483647;
			files = (
				E4FA0C461A4A48F100E67381 /* ViewController.swift in Sources */,
				E4FA0C441A4A48F100E67381 /* AppDelegate.swift in Sources */,
			);
			runOnlyForDeploymentPostprocessing = 0;
		};
		E4FA0C4F1A4A48F100E67381 /* Sources */ = {
			isa = PBXSourcesBuildPhase;
			buildActionMask = 2147483647;
			files = (
				E4FA0C5A1A4A48F100E67381 /* learnMapsTests.swift in Sources */,
			);
			runOnlyForDeploymentPostprocessing = 0;
		};
/* End PBXSourcesBuildPhase section */

/* Begin PBXTargetDependency section */
		E4FA0C551A4A48F100E67381 /* PBXTargetDependency */ = {
			isa = PBXTargetDependency;
			target = E4FA0C3D1A4A48F100E67381 /* learnMaps */;
			targetProxy = E4FA0C541A4A48F100E67381 /* PBXContainerItemProxy */;
		};
/* End PBXTargetDependency section */

/* Begin PBXVariantGroup section */
		E4FA0C471A4A48F100E67381 /* Main.storyboard */ = {
			isa = PBXVariantGroup;
			children = (
				E4FA0C481A4A48F100E67381 /* Base */,
			);
			name = Main.storyboard;
			sourceTree = "<group>";
		};
		E4FA0C4C1A4A48F100E67381 /* LaunchScreen.xib */ = {
			isa = PBXVariantGroup;
			children = (
				E4FA0C4D1A4A48F100E67381 /* Base */,
			);
			name = LaunchScreen.xib;
			sourceTree = "<group>";
		};
/* End PBXVariantGroup section */

/* Begin XCBuildConfiguration section */
		E4FA0C5B1A4A48F100E67381 /* Debug */ = {
			isa = XCBuildConfiguration;
			buildSettings = {
				ALWAYS_SEARCH_USER_PATHS = NO;
				CLANG_CXX_LANGUAGE_STANDARD = "gnu++0x";
				CLANG_CXX_LIBRARY = "libc++";
				CLANG_ENABLE_MODULES = YES;
				CLANG_ENABLE_OBJC_ARC = YES;
				CLANG_WARN_BOOL_CONVERSION = YES;
				CLANG_WARN_CONSTANT_CONVERSION = YES;
				CLANG_WARN_DIRECT_OBJC_ISA_USAGE = YES_ERROR;
				CLANG_WARN_EMPTY_BODY = YES;
				CLANG_WARN_ENUM_CONVERSION = YES;
				CLANG_WARN_INT_CONVERSION = YES;
				CLANG_WARN_OBJC_ROOT_CLASS = YES_ERROR;
				CLANG_WARN_UNREACHABLE_CODE = YES;
				CLANG_WARN__DUPLICATE_METHOD_MATCH = YES;
				"CODE_SIGN_IDENTITY[sdk=iphoneos*]" = "iPhone Developer";
				COPY_PHASE_STRIP = NO;
				ENABLE_STRICT_OBJC_MSGSEND = YES;
				GCC_C_LANGUAGE_STANDARD = gnu99;
				GCC_DYNAMIC_NO_PIC = NO;
				GCC_OPTIMIZATION_LEVEL = 0;
				GCC_PREPROCESSOR_DEFINITIONS = (
					"DEBUG=1",
					"$(inherited)",
				);
				GCC_SYMBOLS_PRIVATE_EXTERN = NO;
				GCC_WARN_64_TO_32_BIT_CONVERSION = YES;
				GCC_WARN_ABOUT_RETURN_TYPE = YES_ERROR;
				GCC_WARN_UNDECLARED_SELECTOR = YES;
				GCC_WARN_UNINITIALIZED_AUTOS = YES_AGGRESSIVE;
				GCC_WARN_UNUSED_FUNCTION = YES;
				GCC_WARN_UNUSED_VARIABLE = YES;
				IPHONEOS_DEPLOYMENT_TARGET = 8.1;
				MTL_ENABLE_DEBUG_INFO = YES;
				ONLY_ACTIVE_ARCH = YES;
				SDKROOT = iphoneos;
				SWIFT_OPTIMIZATION_LEVEL = "-Onone";
			};
			name = Debug;
		};
		E4FA0C5C1A4A48F100E67381 /* Release */ = {
			isa = XCBuildConfiguration;
			buildSettings = {
				ALWAYS_SEARCH_USER_PATHS = NO;
				CLANG_CXX_LANGUAGE_STANDARD = "gnu++0x";
				CLANG_CXX_LIBRARY = "libc++";
				CLANG_ENABLE_MODULES = YES;
				CLANG_ENABLE_OBJC_ARC = YES;
				CLANG_WARN_BOOL_CONVERSION = YES;
				CLANG_WARN_CONSTANT_CONVERSION = YES;
				CLANG_WARN_DIRECT_OBJC_ISA_USAGE = YES_ERROR;
				CLANG_WARN_EMPTY_BODY = YES;
				CLANG_WARN_ENUM_CONVERSION = YES;
				CLANG_WARN_INT_CONVERSION = YES;
				CLANG_WARN_OBJC_ROOT_CLASS = YES_ERROR;
				CLANG_WARN_UNREACHABLE_CODE = YES;
				CLANG_WARN__DUPLICATE_METHOD_MATCH = YES;
				"CODE_SIGN_IDENTITY[sdk=iphoneos*]" = "iPhone Developer";
				COPY_PHASE_STRIP = YES;
				ENABLE_NS_ASSERTIONS = NO;
				ENABLE_STRICT_OBJC_MSGSEND = YES;
				GCC_C_LANGUAGE_STANDARD = gnu99;
				GCC_WARN_64_TO_32_BIT_CONVERSION = YES;
				GCC_WARN_ABOUT_RETURN_TYPE = YES_ERROR;
				GCC_WARN_UNDECLARED_SELECTOR = YES;
				GCC_WARN_UNINITIALIZED_AUTOS = YES_AGGRESSIVE;
				GCC_WARN_UNUSED_FUNCTION = YES;
				GCC_WARN_UNUSED_VARIABLE = YES;
				IPHONEOS_DEPLOYMENT_TARGET = 8.1;
				MTL_ENABLE_DEBUG_INFO = NO;
				SDKROOT = iphoneos;
				VALIDATE_PRODUCT = YES;
			};
			name = Release;
		};
		E4FA0C5E1A4A48F100E67381 /* Debug */ = {
			isa = XCBuildConfiguration;
			buildSettings = {
				ASSETCATALOG_COMPILER_APPICON_NAME = AppIcon;
				CODE_SIGN_IDENTITY = "iPhone Developer";
				INFOPLIST_FILE = learnMaps/Info.plist;
				LD_RUNPATH_SEARCH_PATHS = "$(inherited) @executable_path/Frameworks";
				PRODUCT_NAME = "$(TARGET_NAME)";
			};
			name = Debug;
		};
		E4FA0C5F1A4A48F100E67381 /* Release */ = {
			isa = XCBuildConfiguration;
			buildSettings = {
				ASSETCATALOG_COMPILER_APPICON_NAME = AppIcon;
				CODE_SIGN_IDENTITY = "iPhone Developer";
				INFOPLIST_FILE = learnMaps/Info.plist;
				LD_RUNPATH_SEARCH_PATHS = "$(inherited) @executable_path/Frameworks";
				PRODUCT_NAME = "$(TARGET_NAME)";
			};
			name = Release;
		};
		E4FA0C611A4A48F100E67381 /* Debug */ = {
			isa = XCBuildConfiguration;
			buildSettings = {
				BUNDLE_LOADER = "$(TEST_HOST)";
				FRAMEWORK_SEARCH_PATHS = (
					"$(SDKROOT)/Developer/Library/Frameworks",
					"$(inherited)",
				);
				GCC_PREPROCESSOR_DEFINITIONS = (
					"DEBUG=1",
					"$(inherited)",
				);
				INFOPLIST_FILE = learnMapsTests/Info.plist;
				LD_RUNPATH_SEARCH_PATHS = "$(inherited) @executable_path/Frameworks @loader_path/Frameworks";
				PRODUCT_NAME = "$(TARGET_NAME)";
				TEST_HOST = "$(BUILT_PRODUCTS_DIR)/learnMaps.app/learnMaps";
			};
			name = Debug;
		};
		E4FA0C621A4A48F100E67381 /* Release */ = {
			isa = XCBuildConfiguration;
			buildSettings = {
				BUNDLE_LOADER = "$(TEST_HOST)";
				FRAMEWORK_SEARCH_PATHS = (
					"$(SDKROOT)/Developer/Library/Frameworks",
					"$(inherited)",
				);
				INFOPLIST_FILE = learnMapsTests/Info.plist;
				LD_RUNPATH_SEARCH_PATHS = "$(inherited) @executable_path/Frameworks @loader_path/Frameworks";
				PRODUCT_NAME = "$(TARGET_NAME)";
				TEST_HOST = "$(BUILT_PRODUCTS_DIR)/learnMaps.app/learnMaps";
			};
			name = Release;
		};
/* End XCBuildConfiguration section */

/* Begin XCConfigurationList section */
		E4FA0C391A4A48F100E67381 /* Build configuration list for PBXProject "learnMaps" */ = {
			isa = XCConfigurationList;
			buildConfigurations = (
				E4FA0C5B1A4A48F100E67381 /* Debug */,
				E4FA0C5C1A4A48F100E67381 /* Release */,
			);
			defaultConfigurationIsVisible = 0;
			defaultConfigurationName = Release;
		};
		E4FA0C5D1A4A48F100E67381 /* Build configuration list for PBXNativeTarget "learnMaps" */ = {
			isa = XCConfigurationList;
			buildConfigurations = (
				E4FA0C5E1A4A48F100E67381 /* Debug */,
				E4FA0C5F1A4A48F100E67381 /* Release */,
			);
			defaultConfigurationIsVisible = 0;
			defaultConfigurationName = Release;
		};
		E4FA0C601A4A48F100E67381 /* Build configuration list for PBXNativeTarget "learnMapsTests" */ = {
			isa = XCConfigurationList;
			buildConfigurations = (
				E4FA0C611A4A48F100E67381 /* Debug */,
				E4FA0C621A4A48F100E67381 /* Release */,
			);
			defaultConfigurationIsVisible = 0;
			defaultConfigurationName = Release;
		};
/* End XCConfigurationList section */
	};
	rootObject = E4FA0C361A4A48F100E67381 /* Project object */;
}
